Microsoft Visual Studio Solution File, Format Version 12.00
# Visual Studio 14
VisualStudioVersion = 14.0.25420.1
MinimumVisualStudioVersion = 10.0.40219.1
Project("{FAE04EC0-301F-11D3-BF4B-00C04F79EFBC}") = "Assembly-CSharp", "Assembly-CSharp.csproj", "{97BAE07C-C13D-F5E2-AE8E-BC872BBCB08F}"
EndProject
Project("{FAE04EC0-301F-11D3-BF4B-00C04F79EFBC}") = "Assembly-CSharp-Editor", "Assembly-CSharp-Editor.csproj", "{13F0013B-9BE8-7F56-18B9-9B5444E52775}"
EndProject
Project("{FAE04EC0-301F-11D3-BF4B-00C04F79EFBC}") = "DummyConsole", "DummyConsole\DummyConsole.csproj", "{181A7EC4-77E7-4B8F-B9F8-6C166B7C1FA7}"
EndProject
Global
	GlobalSection(SolutionConfigurationPlatforms) = preSolution
		Debug|Any CPU = Debug|Any CPU
		Release|Any CPU = Release|Any CPU
	EndGlobalSection
	GlobalSection(ProjectConfigurationPlatforms) = postSolution
		{97BAE07C-C13D-F5E2-AE8E-BC872BBCB08F}.Debug|Any CPU.ActiveCfg = Debug|Any CPU
		{97BAE07C-C13D-F5E2-AE8E-BC872BBCB08F}.Debug|Any CPU.Build.0 = Debug|Any CPU
		{97BAE07C-C13D-F5E2-AE8E-BC872BBCB08F}.Release|Any CPU.ActiveCfg = Release|Any CPU
		{97BAE07C-C13D-F5E2-AE8E-BC872BBCB08F}.Release|Any CPU.Build.0 = Release|Any CPU
		{13F0013B-9BE8-7F56-18B9-9B5444E52775}.Debug|Any CPU.ActiveCfg = Debug|Any CPU
		{13F0013B-9BE8-7F56-18B9-9B5444E52775}.Debug|Any CPU.Build.0 = Debug|Any CPU
		{13F0013B-9BE8-7F56-18B9-9B5444E52775}.Release|Any CPU.ActiveCfg = Release|Any CPU
		{13F0013B-9BE8-7F56-18B9-9B5444E52775}.Release|Any CPU.Build.0 = Release|Any CPU
		{181A7EC4-77E7-4B8F-B9F8-6C166B7C1FA7}.Debug|Any CPU.ActiveCfg = Debug|Any CPU
		{181A7EC4-77E7-4B8F-B9F8-6C166B7C1FA7}.Debug|Any CPU.Build.0 = Debug|Any CPU
		{181A7EC4-77E7-4B8F-B9F8-6C166B7C1FA7}.Release|Any CPU.ActiveCfg = Release|Any CPU
		{181A7EC4-77E7-4B8F-B9F8-6C166B7C1FA7}.Release|Any CPU.Build.0 = Release|Any CPU
	EndGlobalSection
	GlobalSection(SolutionProperties) = preSolution
		HideSolutionNode = FALSE
	EndGlobalSection
	GlobalSection(MonoDevelopProperties) = preSolution
		StartupItem = Assembly-CSharp.csproj
	EndGlobalSection
EndGlobal
